
Microsoft Visual Studio Solution File, Format Version 12.00
# Visual Studio Version 17
VisualStudioVersion = 17.4.33205.214
MinimumVisualStudioVersion = 10.0.40219.1
Project("{2150E333-8FDC-42A3-9474-1A3956D46DE8}") = "A - String Improvements", "A - String Improvements", "{61B75F91-1950-4042-BF69-0509488C5F63}"
EndProject
Project("{2150E333-8FDC-42A3-9474-1A3956D46DE8}") = "B - Expression Improvements", "B - Expression Improvements", "{BD879E6E-30AA-4BFC-A83D-2E9AD3601467}"
EndProject
Project("{2150E333-8FDC-42A3-9474-1A3956D46DE8}") = "C - OO Improvements", "C - OO Improvements", "{A2E3BA2F-9399-43C0-BF85-46A955024047}"
EndProject
Project("{2150E333-8FDC-42A3-9474-1A3956D46DE8}") = "D - Math and Operators", "D - Math and Operators", "{33D6DCD7-EE7F-47BD-A5B7-306BE26FD07F}"
EndProject
Project("{9A19103F-16F7-4668-BE54-9A1E7A4F7556}") = "01 - Raw String Literals", "A\01 - Raw String Literals\01 - Raw String Literals.csproj", "{29909BB6-26FF-408A-A042-AA533CA373F6}"
EndProject
Project("{9A19103F-16F7-4668-BE54-9A1E7A4F7556}") = "02 - String Interpolations Begin", "A\02 - String Interpolations Begin\02 - String Interpolations Begin.csproj", "{C9E2CE7E-B905-4DF5-91ED-70332B2A64F6}"
EndProject
Project("{9A19103F-16F7-4668-BE54-9A1E7A4F7556}") = "02 - String Interpolations Complete", "A\02 - String Interpolations Complete\02 - String Interpolations Complete.csproj", "{4F4CF28C-349A-43B3-90D3-6855E117ED68}"
EndProject
Project("{9A19103F-16F7-4668-BE54-9A1E7A4F7556}") = "03 - UTF-8 String Literals Begin", "A\03 - UTF-8 String Literals Begin\03 - UTF-8 String Literals Begin.csproj", "{E0277C8C-702E-4C91-A2B8-6DE2C087D4B4}"
EndProject
Project("{9A19103F-16F7-4668-BE54-9A1E7A4F7556}") = "03 - UTF-8 String Literals Complete", "A\03 - UTF-8 String Literals Complete\03 - UTF-8 String Literals Complete.csproj", "{111BADB6-8DFD-41BE-9E39-B4CFD8147CC3}"
EndProject
Project("{9A19103F-16F7-4668-BE54-9A1E7A4F7556}") = "01 - List Patterns", "B\01 - List Patterns\01 - List Patterns.csproj", "{DD480BE2-921D-4FF5-9EB6-1E548A9B424C}"
EndProject
Project("{9A19103F-16F7-4668-BE54-9A1E7A4F7556}") = "02 - Range Patterns", "B\02 - Range Patterns\02 - Range Patterns.csproj", "{640CFA94-6ED1-43E3-A501-0CA0177660B8}"
EndProject
Project("{9A19103F-16F7-4668-BE54-9A1E7A4F7556}") = "01 - Required Members Begin", "C\01 - Required Members Begin\01 - Required Members Begin.csproj", "{B83A1E1E-C3E0-4C50-AFFA-B2DF7CE12DC7}"
EndProject
Project("{9A19103F-16F7-4668-BE54-9A1E7A4F7556}") = "02 - SetsRequiredMembers", "C\02 - SetsRequiredMembers\02 - SetsRequiredMembers.csproj", "{455C3157-C899-4B86-B54D-4A966C7EDA8C}"
EndProject
Project("{9A19103F-16F7-4668-BE54-9A1E7A4F7556}") = "03 - File Begin", "C\03 - File Begin\03 - File Begin.csproj", "{F1DAC70D-2520-4975-A116-E48B59FCE2B3}"
EndProject
Project("{9A19103F-16F7-4668-BE54-9A1E7A4F7556}") = "04 - Static Abstract Members in Interfaces Begin", "C\04 - Static Abstract Members in Interfaces Begin\04 - Static Abstract Members in Interfaces Begin.csproj", "{24357482-B9C5-41A6-9185-48562A7DBBCC}"
EndProject
Project("{9A19103F-16F7-4668-BE54-9A1E7A4F7556}") = "05 - Static Virtual Members in Interfaces", "C\05 - Static Virtual Members in Interfaces\05 - Static Virtual Members in Interfaces.csproj", "{93CA103E-5005-4FFF-91B6-1BF64E07BBF1}"
EndProject
Project("{9A19103F-16F7-4668-BE54-9A1E7A4F7556}") = "06 - Auto-default Structs", "C\06 - Auto-default Structs\06 - Auto-default Structs.csproj", "{77FCE210-9918-4222-A332-14976E7AFD4D}"
EndProject
Project("{9A19103F-16F7-4668-BE54-9A1E7A4F7556}") = "01 - Required Members Complete", "C\01 - Required Members Complete\01 - Required Members Complete.csproj", "{54B8CF4D-5834-4F85-B4B0-D9469FCD8EA6}"
EndProject
Project("{9A19103F-16F7-4668-BE54-9A1E7A4F7556}") = "03 - File Complete", "C\03 - File Complete\03 - File Complete.csproj", "{5746C7F0-7D3A-438F-B036-F8EE08BAA2B5}"
EndProject
Project("{9A19103F-16F7-4668-BE54-9A1E7A4F7556}") = "04 - Static Abstract Members in Interfaces Complete", "C\04 - Static Abstract Members in Interfaces Complete\04 - Static Abstract Members in Interfaces Complete.csproj", "{30EAAC76-E3E4-4696-ABD5-3F4E4F0EF230}"
EndProject
Project("{9A19103F-16F7-4668-BE54-9A1E7A4F7556}") = "07 - Generic Attributes Begin", "C\07 - Generic Attributes Begin\07 - Generic Attributes Begin.csproj", "{276D939D-F959-4E57-8B90-F5D687B9D554}"
EndProject
Project("{9A19103F-16F7-4668-BE54-9A1E7A4F7556}") = "07 - Generic Attributes Complete", "C\07 - Generic Attributes Complete\07 - Generic Attributes Complete.csproj", "{5FE4BB76-96C3-406F-954E-9598836F34E3}"
EndProject
Project("{9A19103F-16F7-4668-BE54-9A1E7A4F7556}") = "01 - INumber Begin", "D\01 - INumber Begin\01 - INumber Begin.csproj", "{5660C0CF-B3C4-4ABF-8F8F-9CA71958A3EA}"
EndProject
Project("{9A19103F-16F7-4668-BE54-9A1E7A4F7556}") = "01 - INumber Complete", "D\01 - INumber Complete\01 - INumber Complete.csproj", "{25D37EC2-7363-47B0-AC80-3225BF18DF0F}"
EndProject
Project("{9A19103F-16F7-4668-BE54-9A1E7A4F7556}") = "02 - Revisiting Checked Contexts", "D\02 - Revisiting Checked Contexts\02 - Revisiting Checked Contexts.csproj", "{C1A62EA4-8A13-443D-8CA3-260F0D152DD3}"
EndProject
Project("{9A19103F-16F7-4668-BE54-9A1E7A4F7556}") = "03 - Custom Checked Operator Begin", "D\03 - Custom Checked Operator Begin\03 - Custom Checked Operator Begin.csproj", "{95E1F6A2-C733-42E7-B8DE-29F95B94EB38}"
EndProject
Project("{9A19103F-16F7-4668-BE54-9A1E7A4F7556}") = "03 - Custom Checked Operator Complete", "D\03 - Custom Checked Operator Complete\03 - Custom Checked Operator Complete.csproj", "{7534736B-7098-4176-B602-E90A6FDD9257}"
EndProject
Project("{9A19103F-16F7-4668-BE54-9A1E7A4F7556}") = "04 - Unsigned Right Shift Operator", "D\04 - Unsigned Right Shift Operator\04 - Unsigned Right Shift Operator.csproj", "{D8E38BE3-134C-4B0D-81B7-A7B185F75F9C}"
EndProject
Project("{9A19103F-16F7-4668-BE54-9A1E7A4F7556}") = "05 - Relaxing Shift Operator Requirements", "D\05 - Relaxing Shift Operator Requirements\05 - Relaxing Shift Operator Requirements.csproj", "{6E4630B6-C27E-4F15-AD24-7252DCC58DE7}"
EndProject
Project("{9A19103F-16F7-4668-BE54-9A1E7A4F7556}") = "03 - Palindrome Begin", "B\03 - Palindrome Begin\03 - Palindrome Begin.csproj", "{EECFD9C3-5811-4F1A-8B38-57220FB404BA}"
EndProject
Project("{9A19103F-16F7-4668-BE54-9A1E7A4F7556}") = "03 - Palindrome Complete", "B\03 - Palindrome Complete\03 - Palindrome Complete.csproj", "{CBD70C2F-4BB1-4EEE-9564-EF528F0006DF}"
EndProject
Project("{9A19103F-16F7-4668-BE54-9A1E7A4F7556}") = "04 - Spans on Constant Strings", "B\04 - Spans on Constant Strings\04 - Spans on Constant Strings.csproj", "{5DB42BE2-2308-42FA-8639-0E3039955FEE}"
EndProject
Project("{9A19103F-16F7-4668-BE54-9A1E7A4F7556}") = "05 - Extended nameof Scope", "B\05 - Extended nameof Scope\05 - Extended nameof Scope.csproj", "{0F313551-F608-4027-BCD8-9D37CC1802FC}"
EndProject
Global
	GlobalSection(SolutionConfigurationPlatforms) = preSolution
		Debug|Any CPU = Debug|Any CPU
		Release|Any CPU = Release|Any CPU
	EndGlobalSection
	GlobalSection(ProjectConfigurationPlatforms) = postSolution
		{29909BB6-26FF-408A-A042-AA533CA373F6}.Debug|Any CPU.ActiveCfg = Debug|Any CPU
		{29909BB6-26FF-408A-A042-AA533CA373F6}.Debug|Any CPU.Build.0 = Debug|Any CPU
		{29909BB6-26FF-408A-A042-AA533CA373F6}.Release|Any CPU.ActiveCfg = Release|Any CPU
		{29909BB6-26FF-408A-A042-AA533CA373F6}.Release|Any CPU.Build.0 = Release|Any CPU
		{C9E2CE7E-B905-4DF5-91ED-70332B2A64F6}.Debug|Any CPU.ActiveCfg = Debug|Any CPU
		{C9E2CE7E-B905-4DF5-91ED-70332B2A64F6}.Debug|Any CPU.Build.0 = Debug|Any CPU
		{C9E2CE7E-B905-4DF5-91ED-70332B2A64F6}.Release|Any CPU.ActiveCfg = Release|Any CPU
		{C9E2CE7E-B905-4DF5-91ED-70332B2A64F6}.Release|Any CPU.Build.0 = Release|Any CPU
		{4F4CF28C-349A-43B3-90D3-6855E117ED68}.Debug|Any CPU.ActiveCfg = Debug|Any CPU
		{4F4CF28C-349A-43B3-90D3-6855E117ED68}.Debug|Any CPU.Build.0 = Debug|Any CPU
		{4F4CF28C-349A-43B3-90D3-6855E117ED68}.Release|Any CPU.ActiveCfg = Release|Any CPU
		{4F4CF28C-349A-43B3-90D3-6855E117ED68}.Release|Any CPU.Build.0 = Release|Any CPU
		{E0277C8C-702E-4C91-A2B8-6DE2C087D4B4}.Debug|Any CPU.ActiveCfg = Debug|Any CPU
		{E0277C8C-702E-4C91-A2B8-6DE2C087D4B4}.Debug|Any CPU.Build.0 = Debug|Any CPU
		{E0277C8C-702E-4C91-A2B8-6DE2C087D4B4}.Release|Any CPU.ActiveCfg = Release|Any CPU
		{E0277C8C-702E-4C91-A2B8-6DE2C087D4B4}.Release|Any CPU.Build.0 = Release|Any CPU
		{111BADB6-8DFD-41BE-9E39-B4CFD8147CC3}.Debug|Any CPU.ActiveCfg = Debug|Any CPU
		{111BADB6-8DFD-41BE-9E39-B4CFD8147CC3}.Debug|Any CPU.Build.0 = Debug|Any CPU
		{111BADB6-8DFD-41BE-9E39-B4CFD8147CC3}.Release|Any CPU.ActiveCfg = Release|Any CPU
		{111BADB6-8DFD-41BE-9E39-B4CFD8147CC3}.Release|Any CPU.Build.0 = Release|Any CPU
		{DD480BE2-921D-4FF5-9EB6-1E548A9B424C}.Debug|Any CPU.ActiveCfg = Debug|Any CPU
		{DD480BE2-921D-4FF5-9EB6-1E548A9B424C}.Debug|Any CPU.Build.0 = Debug|Any CPU
		{DD480BE2-921D-4FF5-9EB6-1E548A9B424C}.Release|Any CPU.ActiveCfg = Release|Any CPU
		{DD480BE2-921D-4FF5-9EB6-1E548A9B424C}.Release|Any CPU.Build.0 = Release|Any CPU
		{640CFA94-6ED1-43E3-A501-0CA0177660B8}.Debug|Any CPU.ActiveCfg = Debug|Any CPU
		{640CFA94-6ED1-43E3-A501-0CA0177660B8}.Debug|Any CPU.Build.0 = Debug|Any CPU
		{640CFA94-6ED1-43E3-A501-0CA0177660B8}.Release|Any CPU.ActiveCfg = Release|Any CPU
		{640CFA94-6ED1-43E3-A501-0CA0177660B8}.Release|Any CPU.Build.0 = Release|Any CPU
		{B83A1E1E-C3E0-4C50-AFFA-B2DF7CE12DC7}.Debug|Any CPU.ActiveCfg = Debug|Any CPU
		{B83A1E1E-C3E0-4C50-AFFA-B2DF7CE12DC7}.Debug|Any CPU.Build.0 = Debug|Any CPU
		{B83A1E1E-C3E0-4C50-AFFA-B2DF7CE12DC7}.Release|Any CPU.ActiveCfg = Release|Any CPU
		{B83A1E1E-C3E0-4C50-AFFA-B2DF7CE12DC7}.Release|Any CPU.Build.0 = Release|Any CPU
		{455C3157-C899-4B86-B54D-4A966C7EDA8C}.Debug|Any CPU.ActiveCfg = Debug|Any CPU
		{455C3157-C899-4B86-B54D-4A966C7EDA8C}.Debug|Any CPU.Build.0 = Debug|Any CPU
		{455C3157-C899-4B86-B54D-4A966C7EDA8C}.Release|Any CPU.ActiveCfg = Release|Any CPU
		{455C3157-C899-4B86-B54D-4A966C7EDA8C}.Release|Any CPU.Build.0 = Release|Any CPU
		{F1DAC70D-2520-4975-A116-E48B59FCE2B3}.Debug|Any CPU.ActiveCfg = Debug|Any CPU
		{F1DAC70D-2520-4975-A116-E48B59FCE2B3}.Debug|Any CPU.Build.0 = Debug|Any CPU
		{F1DAC70D-2520-4975-A116-E48B59FCE2B3}.Release|Any CPU.ActiveCfg = Release|Any CPU
		{F1DAC70D-2520-4975-A116-E48B59FCE2B3}.Release|Any CPU.Build.0 = Release|Any CPU
		{24357482-B9C5-41A6-9185-48562A7DBBCC}.Debug|Any CPU.ActiveCfg = Debug|Any CPU
		{24357482-B9C5-41A6-9185-48562A7DBBCC}.Debug|Any CPU.Build.0 = Debug|Any CPU
		{24357482-B9C5-41A6-9185-48562A7DBBCC}.Release|Any CPU.ActiveCfg = Release|Any CPU
		{24357482-B9C5-41A6-9185-48562A7DBBCC}.Release|Any CPU.Build.0 = Release|Any CPU
		{93CA103E-5005-4FFF-91B6-1BF64E07BBF1}.Debug|Any CPU.ActiveCfg = Debug|Any CPU
		{93CA103E-5005-4FFF-91B6-1BF64E07BBF1}.Debug|Any CPU.Build.0 = Debug|Any CPU
		{93CA103E-5005-4FFF-91B6-1BF64E07BBF1}.Release|Any CPU.ActiveCfg = Release|Any CPU
		{93CA103E-5005-4FFF-91B6-1BF64E07BBF1}.Release|Any CPU.Build.0 = Release|Any CPU
		{77FCE210-9918-4222-A332-14976E7AFD4D}.Debug|Any CPU.ActiveCfg = Debug|Any CPU
		{77FCE210-9918-4222-A332-14976E7AFD4D}.Debug|Any CPU.Build.0 = Debug|Any CPU
		{77FCE210-9918-4222-A332-14976E7AFD4D}.Release|Any CPU.ActiveCfg = Release|Any CPU
		{77FCE210-9918-4222-A332-14976E7AFD4D}.Release|Any CPU.Build.0 = Release|Any CPU
		{54B8CF4D-5834-4F85-B4B0-D9469FCD8EA6}.Debug|Any CPU.ActiveCfg = Debug|Any CPU
		{54B8CF4D-5834-4F85-B4B0-D9469FCD8EA6}.Debug|Any CPU.Build.0 = Debug|Any CPU
		{54B8CF4D-5834-4F85-B4B0-D9469FCD8EA6}.Release|Any CPU.ActiveCfg = Release|Any CPU
		{54B8CF4D-5834-4F85-B4B0-D9469FCD8EA6}.Release|Any CPU.Build.0 = Release|Any CPU
		{5746C7F0-7D3A-438F-B036-F8EE08BAA2B5}.Debug|Any CPU.ActiveCfg = Debug|Any CPU
		{5746C7F0-7D3A-438F-B036-F8EE08BAA2B5}.Debug|Any CPU.Build.0 = Debug|Any CPU
		{5746C7F0-7D3A-438F-B036-F8EE08BAA2B5}.Release|Any CPU.ActiveCfg = Release|Any CPU
		{5746C7F0-7D3A-438F-B036-F8EE08BAA2B5}.Release|Any CPU.Build.0 = Release|Any CPU
		{30EAAC76-E3E4-4696-ABD5-3F4E4F0EF230}.Debug|Any CPU.ActiveCfg = Debug|Any CPU
		{30EAAC76-E3E4-4696-ABD5-3F4E4F0EF230}.Debug|Any CPU.Build.0 = Debug|Any CPU
		{30EAAC76-E3E4-4696-ABD5-3F4E4F0EF230}.Release|Any CPU.ActiveCfg = Release|Any CPU
		{30EAAC76-E3E4-4696-ABD5-3F4E4F0EF230}.Release|Any CPU.Build.0 = Release|Any CPU
		{276D939D-F959-4E57-8B90-F5D687B9D554}.Debug|Any CPU.ActiveCfg = Debug|Any CPU
		{276D939D-F959-4E57-8B90-F5D687B9D554}.Debug|Any CPU.Build.0 = Debug|Any CPU
		{276D939D-F959-4E57-8B90-F5D687B9D554}.Release|Any CPU.ActiveCfg = Release|Any CPU
		{276D939D-F959-4E57-8B90-F5D687B9D554}.Release|Any CPU.Build.0 = Release|Any CPU
		{5FE4BB76-96C3-406F-954E-9598836F34E3}.Debug|Any CPU.ActiveCfg = Debug|Any CPU
		{5FE4BB76-96C3-406F-954E-9598836F34E3}.Debug|Any CPU.Build.0 = Debug|Any CPU
		{5FE4BB76-96C3-406F-954E-9598836F34E3}.Release|Any CPU.ActiveCfg = Release|Any CPU
		{5FE4BB76-96C3-406F-954E-9598836F34E3}.Release|Any CPU.Build.0 = Release|Any CPU
		{5660C0CF-B3C4-4ABF-8F8F-9CA71958A3EA}.Debug|Any CPU.ActiveCfg = Debug|Any CPU
		{5660C0CF-B3C4-4ABF-8F8F-9CA71958A3EA}.Debug|Any CPU.Build.0 = Debug|Any CPU
		{5660C0CF-B3C4-4ABF-8F8F-9CA71958A3EA}.Release|Any CPU.ActiveCfg = Release|Any CPU
		{5660C0CF-B3C4-4ABF-8F8F-9CA71958A3EA}.Release|Any CPU.Build.0 = Release|Any CPU
		{25D37EC2-7363-47B0-AC80-3225BF18DF0F}.Debug|Any CPU.ActiveCfg = Debug|Any CPU
		{25D37EC2-7363-47B0-AC80-3225BF18DF0F}.Debug|Any CPU.Build.0 = Debug|Any CPU
		{25D37EC2-7363-47B0-AC80-3225BF18DF0F}.Release|Any CPU.ActiveCfg = Release|Any CPU
		{25D37EC2-7363-47B0-AC80-3225BF18DF0F}.Release|Any CPU.Build.0 = Release|Any CPU
		{C1A62EA4-8A13-443D-8CA3-260F0D152DD3}.Debug|Any CPU.ActiveCfg = Debug|Any CPU
		{C1A62EA4-8A13-443D-8CA3-260F0D152DD3}.Debug|Any CPU.Build.0 = Debug|Any CPU
		{C1A62EA4-8A13-443D-8CA3-260F0D152DD3}.Release|Any CPU.ActiveCfg = Release|Any CPU
		{C1A62EA4-8A13-443D-8CA3-260F0D152DD3}.Release|Any CPU.Build.0 = Release|Any CPU
		{95E1F6A2-C733-42E7-B8DE-29F95B94EB38}.Debug|Any CPU.ActiveCfg = Debug|Any CPU
		{95E1F6A2-C733-42E7-B8DE-29F95B94EB38}.Debug|Any CPU.Build.0 = Debug|Any CPU
		{95E1F6A2-C733-42E7-B8DE-29F95B94EB38}.Release|Any CPU.ActiveCfg = Release|Any CPU
		{95E1F6A2-C733-42E7-B8DE-29F95B94EB38}.Release|Any CPU.Build.0 = Release|Any CPU
		{7534736B-7098-4176-B602-E90A6FDD9257}.Debug|Any CPU.ActiveCfg = Debug|Any CPU
		{7534736B-7098-4176-B602-E90A6FDD9257}.Debug|Any CPU.Build.0 = Debug|Any CPU
		{7534736B-7098-4176-B602-E90A6FDD9257}.Release|Any CPU.ActiveCfg = Release|Any CPU
		{7534736B-7098-4176-B602-E90A6FDD9257}.Release|Any CPU.Build.0 = Release|Any CPU
		{D8E38BE3-134C-4B0D-81B7-A7B185F75F9C}.Debug|Any CPU.ActiveCfg = Debug|Any CPU
		{D8E38BE3-134C-4B0D-81B7-A7B185F75F9C}.Debug|Any CPU.Build.0 = Debug|Any CPU
		{D8E38BE3-134C-4B0D-81B7-A7B185F75F9C}.Release|Any CPU.ActiveCfg = Release|Any CPU
		{D8E38BE3-134C-4B0D-81B7-A7B185F75F9C}.Release|Any CPU.Build.0 = Release|Any CPU
		{6E4630B6-C27E-4F15-AD24-7252DCC58DE7}.Debug|Any CPU.ActiveCfg = Debug|Any CPU
		{6E4630B6-C27E-4F15-AD24-7252DCC58DE7}.Debug|Any CPU.Build.0 = Debug|Any CPU
		{6E4630B6-C27E-4F15-AD24-7252DCC58DE7}.Release|Any CPU.ActiveCfg = Release|Any CPU
		{6E4630B6-C27E-4F15-AD24-7252DCC58DE7}.Release|Any CPU.Build.0 = Release|Any CPU
		{EECFD9C3-5811-4F1A-8B38-57220FB404BA}.Debug|Any CPU.ActiveCfg = Debug|Any CPU
		{EECFD9C3-5811-4F1A-8B38-57220FB404BA}.Debug|Any CPU.Build.0 = Debug|Any CPU
		{EECFD9C3-5811-4F1A-8B38-57220FB404BA}.Release|Any CPU.ActiveCfg = Release|Any CPU
		{EECFD9C3-5811-4F1A-8B38-57220FB404BA}.Release|Any CPU.Build.0 = Release|Any CPU
		{CBD70C2F-4BB1-4EEE-9564-EF528F0006DF}.Debug|Any CPU.ActiveCfg = Debug|Any CPU
		{CBD70C2F-4BB1-4EEE-9564-EF528F0006DF}.Debug|Any CPU.Build.0 = Debug|Any CPU
		{CBD70C2F-4BB1-4EEE-9564-EF528F0006DF}.Release|Any CPU.ActiveCfg = Release|Any CPU
		{CBD70C2F-4BB1-4EEE-9564-EF528F0006DF}.Release|Any CPU.Build.0 = Release|Any CPU
		{5DB42BE2-2308-42FA-8639-0E3039955FEE}.Debug|Any CPU.ActiveCfg = Debug|Any CPU
		{5DB42BE2-2308-42FA-8639-0E3039955FEE}.Debug|Any CPU.Build.0 = Debug|Any CPU
		{5DB42BE2-2308-42FA-8639-0E3039955FEE}.Release|Any CPU.ActiveCfg = Release|Any CPU
		{5DB42BE2-2308-42FA-8639-0E3039955FEE}.Release|Any CPU.Build.0 = Release|Any CPU
		{0F313551-F608-4027-BCD8-9D37CC1802FC}.Debug|Any CPU.ActiveCfg = Debug|Any CPU
		{0F313551-F608-4027-BCD8-9D37CC1802FC}.Debug|Any CPU.Build.0 = Debug|Any CPU
		{0F313551-F608-4027-BCD8-9D37CC1802FC}.Release|Any CPU.ActiveCfg = Release|Any CPU
		{0F313551-F608-4027-BCD8-9D37CC1802FC}.Release|Any CPU.Build.0 = Release|Any CPU
	EndGlobalSection
	GlobalSection(SolutionProperties) = preSolution
		HideSolutionNode = FALSE
	EndGlobalSection
	GlobalSection(NestedProjects) = preSolution
		{29909BB6-26FF-408A-A042-AA533CA373F6} = {61B75F91-1950-4042-BF69-0509488C5F63}
		{C9E2CE7E-B905-4DF5-91ED-70332B2A64F6} = {61B75F91-1950-4042-BF69-0509488C5F63}
		{4F4CF28C-349A-43B3-90D3-6855E117ED68} = {61B75F91-1950-4042-BF69-0509488C5F63}
		{E0277C8C-702E-4C91-A2B8-6DE2C087D4B4} = {61B75F91-1950-4042-BF69-0509488C5F63}
		{111BADB6-8DFD-41BE-9E39-B4CFD8147CC3} = {61B75F91-1950-4042-BF69-0509488C5F63}
		{DD480BE2-921D-4FF5-9EB6-1E548A9B424C} = {BD879E6E-30AA-4BFC-A83D-2E9AD3601467}
		{640CFA94-6ED1-43E3-A501-0CA0177660B8} = {BD879E6E-30AA-4BFC-A83D-2E9AD3601467}
		{B83A1E1E-C3E0-4C50-AFFA-B2DF7CE12DC7} = {A2E3BA2F-9399-43C0-BF85-46A955024047}
		{455C3157-C899-4B86-B54D-4A966C7EDA8C} = {A2E3BA2F-9399-43C0-BF85-46A955024047}
		{F1DAC70D-2520-4975-A116-E48B59FCE2B3} = {A2E3BA2F-9399-43C0-BF85-46A955024047}
		{24357482-B9C5-41A6-9185-48562A7DBBCC} = {A2E3BA2F-9399-43C0-BF85-46A955024047}
		{93CA103E-5005-4FFF-91B6-1BF64E07BBF1} = {A2E3BA2F-9399-43C0-BF85-46A955024047}
		{77FCE210-9918-4222-A332-14976E7AFD4D} = {A2E3BA2F-9399-43C0-BF85-46A955024047}
		{54B8CF4D-5834-4F85-B4B0-D9469FCD8EA6} = {A2E3BA2F-9399-43C0-BF85-46A955024047}
		{5746C7F0-7D3A-438F-B036-F8EE08BAA2B5} = {A2E3BA2F-9399-43C0-BF85-46A955024047}
		{30EAAC76-E3E4-4696-ABD5-3F4E4F0EF230} = {A2E3BA2F-9399-43C0-BF85-46A955024047}
		{276D939D-F959-4E57-8B90-F5D687B9D554} = {A2E3BA2F-9399-43C0-BF85-46A955024047}
		{5FE4BB76-96C3-406F-954E-9598836F34E3} = {A2E3BA2F-9399-43C0-BF85-46A955024047}
		{5660C0CF-B3C4-4ABF-8F8F-9CA71958A3EA} = {33D6DCD7-EE7F-47BD-A5B7-306BE26FD07F}
		{25D37EC2-7363-47B0-AC80-3225BF18DF0F} = {33D6DCD7-EE7F-47BD-A5B7-306BE26FD07F}
		{C1A62EA4-8A13-443D-8CA3-260F0D152DD3} = {33D6DCD7-EE7F-47BD-A5B7-306BE26FD07F}
		{95E1F6A2-C733-42E7-B8DE-29F95B94EB38} = {33D6DCD7-EE7F-47BD-A5B7-306BE26FD07F}
		{7534736B-7098-4176-B602-E90A6FDD9257} = {33D6DCD7-EE7F-47BD-A5B7-306BE26FD07F}
		{D8E38BE3-134C-4B0D-81B7-A7B185F75F9C} = {33D6DCD7-EE7F-47BD-A5B7-306BE26FD07F}
		{6E4630B6-C27E-4F15-AD24-7252DCC58DE7} = {33D6DCD7-EE7F-47BD-A5B7-306BE26FD07F}
		{EECFD9C3-5811-4F1A-8B38-57220FB404BA} = {BD879E6E-30AA-4BFC-A83D-2E9AD3601467}
		{CBD70C2F-4BB1-4EEE-9564-EF528F0006DF} = {BD879E6E-30AA-4BFC-A83D-2E9AD3601467}
		{5DB42BE2-2308-42FA-8639-0E3039955FEE} = {BD879E6E-30AA-4BFC-A83D-2E9AD3601467}
		{0F313551-F608-4027-BCD8-9D37CC1802FC} = {BD879E6E-30AA-4BFC-A83D-2E9AD3601467}
	EndGlobalSection
	GlobalSection(ExtensibilityGlobals) = postSolution
		SolutionGuid = {0C2C565F-C582-4AAA-A4C8-083277C2FC33}
	EndGlobalSection
EndGlobal
